
Microsoft Visual Studio Solution File, Format Version 12.00
# Visual Studio Version 17
VisualStudioVersion = 17.5.33502.453
MinimumVisualStudioVersion = 10.0.40219.1
Project("{FAE04EC0-301F-11D3-BF4B-00C04F79EFBC}") = "siralama algoritmasi", "siralama algoritmasi\siralama algoritmasi.csproj", "{57D89284-CED1-4D0D-A311-87FEB77D8D26}"
EndProject
Global
	GlobalSection(SolutionConfigurationPlatforms) = preSolution
		Debug|Any CPU = Debug|Any CPU
		Release|Any CPU = Release|Any CPU
	EndGlobalSection
	GlobalSection(ProjectConfigurationPlatforms) = postSolution
		{57D89284-CED1-4D0D-A311-87FEB77D8D26}.Debug|Any CPU.ActiveCfg = Debug|Any CPU
		{57D89284-CED1-4D0D-A311-87FEB77D8D26}.Debug|Any CPU.Build.0 = Debug|Any CPU
		{57D89284-CED1-4D0D-A311-87FEB77D8D26}.Release|Any CPU.ActiveCfg = Release|Any CPU
		{57D89284-CED1-4D0D-A311-87FEB77D8D26}.Release|Any CPU.Build.0 = Release|Any CPU
	EndGlobalSection
	GlobalSection(SolutionProperties) = preSolution
		HideSolutionNode = FALSE
	EndGlobalSection
	GlobalSection(ExtensibilityGlobals) = postSolution
		SolutionGuid = {E8159E3B-77CA-4876-8A59-8AEA03F34531}
	EndGlobalSection
EndGlobal
