
Microsoft Visual Studio Solution File, Format Version 12.00
# Visual Studio Version 17
VisualStudioVersion = 17.5.33502.453
MinimumVisualStudioVersion = 10.0.40219.1
Project("{FAE04EC0-301F-11D3-BF4B-00C04F79EFBC}") = "grafik", "grafik\grafik.csproj", "{CFBACD76-1AF3-47A8-8EC8-497DA2E3EDEF}"
EndProject
Global
	GlobalSection(SolutionConfigurationPlatforms) = preSolution
		Debug|Any CPU = Debug|Any CPU
		Release|Any CPU = Release|Any CPU
	EndGlobalSection
	GlobalSection(ProjectConfigurationPlatforms) = postSolution
		{CFBACD76-1AF3-47A8-8EC8-497DA2E3EDEF}.Debug|Any CPU.ActiveCfg = Debug|Any CPU
		{CFBACD76-1AF3-47A8-8EC8-497DA2E3EDEF}.Debug|Any CPU.Build.0 = Debug|Any CPU
		{CFBACD76-1AF3-47A8-8EC8-497DA2E3EDEF}.Release|Any CPU.ActiveCfg = Release|Any CPU
		{CFBACD76-1AF3-47A8-8EC8-497DA2E3EDEF}.Release|Any CPU.Build.0 = Release|Any CPU
	EndGlobalSection
	GlobalSection(SolutionProperties) = preSolution
		HideSolutionNode = FALSE
	EndGlobalSection
	GlobalSection(ExtensibilityGlobals) = postSolution
		SolutionGuid = {BF7CFD1F-BE08-4C29-AE46-CC6B20262D50}
	EndGlobalSection
EndGlobal
