
Microsoft Visual Studio Solution File, Format Version 12.00
# Visual Studio Version 17
VisualStudioVersion = 17.5.33424.131
MinimumVisualStudioVersion = 10.0.40219.1
Project("{FAE04EC0-301F-11D3-BF4B-00C04F79EFBC}") = "recursive", "recursive\recursive.csproj", "{6F818C63-808D-48E4-91F1-AA11B0A177A2}"
EndProject
Global
	GlobalSection(SolutionConfigurationPlatforms) = preSolution
		Debug|Any CPU = Debug|Any CPU
		Release|Any CPU = Release|Any CPU
	EndGlobalSection
	GlobalSection(ProjectConfigurationPlatforms) = postSolution
		{6F818C63-808D-48E4-91F1-AA11B0A177A2}.Debug|Any CPU.ActiveCfg = Debug|Any CPU
		{6F818C63-808D-48E4-91F1-AA11B0A177A2}.Debug|Any CPU.Build.0 = Debug|Any CPU
		{6F818C63-808D-48E4-91F1-AA11B0A177A2}.Release|Any CPU.ActiveCfg = Release|Any CPU
		{6F818C63-808D-48E4-91F1-AA11B0A177A2}.Release|Any CPU.Build.0 = Release|Any CPU
	EndGlobalSection
	GlobalSection(SolutionProperties) = preSolution
		HideSolutionNode = FALSE
	EndGlobalSection
	GlobalSection(ExtensibilityGlobals) = postSolution
		SolutionGuid = {79555FE3-0CFC-4B94-BC11-DF7D7725AC3B}
	EndGlobalSection
EndGlobal
